
Microsoft Visual Studio Solution File, Format Version 12.00
# Visual Studio 15
VisualStudioVersion = 15.0.28307.1000
MinimumVisualStudioVersion = 10.0.40219.1
Project("{FAE04EC0-301F-11D3-BF4B-00C04F79EFBC}") = "Seguros", "Seguros\Seguros.csproj", "{CA86878F-B9A7-4F7B-8B57-825E608693EB}"
EndProject
Global
	GlobalSection(SolutionConfigurationPlatforms) = preSolution
		Debug|Any CPU = Debug|Any CPU
		Release|Any CPU = Release|Any CPU
	EndGlobalSection
	GlobalSection(ProjectConfigurationPlatforms) = postSolution
		{CA86878F-B9A7-4F7B-8B57-825E608693EB}.Debug|Any CPU.ActiveCfg = Debug|Any CPU
		{CA86878F-B9A7-4F7B-8B57-825E608693EB}.Debug|Any CPU.Build.0 = Debug|Any CPU
		{CA86878F-B9A7-4F7B-8B57-825E608693EB}.Release|Any CPU.ActiveCfg = Release|Any CPU
		{CA86878F-B9A7-4F7B-8B57-825E608693EB}.Release|Any CPU.Build.0 = Release|Any CPU
	EndGlobalSection
	GlobalSection(SolutionProperties) = preSolution
		HideSolutionNode = FALSE
	EndGlobalSection
	GlobalSection(ExtensibilityGlobals) = postSolution
		SolutionGuid = {4B4F1A9A-DD7C-4886-A611-E77EB0427238}
	EndGlobalSection
EndGlobal
